
Microsoft Visual Studio Solution File, Format Version 12.00
# Visual Studio Version 16
VisualStudioVersion = 16.0.30225.117
MinimumVisualStudioVersion = 10.0.40219.1
Project("{FAE04EC0-301F-11D3-BF4B-00C04F79EFBC}") = "StinkCrafts.WebSite", "StinkCrafts.WebSite\StinkCrafts.WebSite.csproj", "{6EF08E08-11E8-4A2F-9EBF-0D1A797847BD}"
EndProject
Global
	GlobalSection(SolutionConfigurationPlatforms) = preSolution
		Debug|Any CPU = Debug|Any CPU
		Release|Any CPU = Release|Any CPU
	EndGlobalSection
	GlobalSection(ProjectConfigurationPlatforms) = postSolution
		{6EF08E08-11E8-4A2F-9EBF-0D1A797847BD}.Debug|Any CPU.ActiveCfg = Debug|Any CPU
		{6EF08E08-11E8-4A2F-9EBF-0D1A797847BD}.Debug|Any CPU.Build.0 = Debug|Any CPU
		{6EF08E08-11E8-4A2F-9EBF-0D1A797847BD}.Release|Any CPU.ActiveCfg = Release|Any CPU
		{6EF08E08-11E8-4A2F-9EBF-0D1A797847BD}.Release|Any CPU.Build.0 = Release|Any CPU
	EndGlobalSection
	GlobalSection(SolutionProperties) = preSolution
		HideSolutionNode = FALSE
	EndGlobalSection
	GlobalSection(ExtensibilityGlobals) = postSolution
		SolutionGuid = {E5046B1A-6E46-46DA-AB25-5FBE9D0A3C46}
	EndGlobalSection
EndGlobal
